// !$*UTF8*$!
{
	archiveVersion = 1;
	classes = {
	};
	objectVersion = 55;
	objects = {

/* Begin PBXBuildFile section */
		7901744D28E3D3CC004D5134 /* 52644-checkmark-box.json in Resources */ = {isa = PBXBuildFile; fileRef = 7901744C28E3D3CC004D5134 /* 52644-checkmark-box.json */; };
		7949CDB028DE01BB00B4D06A /* bohemianBackground.swift in Sources */ = {isa = PBXBuildFile; fileRef = 7949CDAF28DE01BB00B4D06A /* bohemianBackground.swift */; };
		7949CDBA28E34BA300B4D06A /* Lottie in Frameworks */ = {isa = PBXBuildFile; productRef = 7949CDB928E34BA300B4D06A /* Lottie */; };
		7949CDBC28E34C4200B4D06A /* loader.json in Resources */ = {isa = PBXBuildFile; fileRef = 7949CDBB28E34C4200B4D06A /* loader.json */; };
		7949CDBE28E34CE900B4D06A /* LottieLoader.swift in Sources */ = {isa = PBXBuildFile; fileRef = 7949CDBD28E34CE900B4D06A /* LottieLoader.swift */; };
		7970885C28E73679005D866D /* 45038-loading-blue-spinning-circles.json in Resources */ = {isa = PBXBuildFile; fileRef = 7970885B28E73679005D866D /* 45038-loading-blue-spinning-circles.json */; };
		7973DA7628BFB90E005E381D /* UserSettings.swift in Sources */ = {isa = PBXBuildFile; fileRef = 7973DA7528BFB90E005E381D /* UserSettings.swift */; };
		7973DA7A28C0FB6E005E381D /* DataController.swift in Sources */ = {isa = PBXBuildFile; fileRef = 7973DA7928C0FB6E005E381D /* DataController.swift */; };
		7973DA7C28C0FDD1005E381D /* ColorMap.swift in Sources */ = {isa = PBXBuildFile; fileRef = 7973DA7B28C0FDD1005E381D /* ColorMap.swift */; };
		7973DA7E28C10F77005E381D /* RawColors.swift in Sources */ = {isa = PBXBuildFile; fileRef = 7973DA7D28C10F77005E381D /* RawColors.swift */; };
		7990843328D4BCE0007DA308 /* SetReminders.swift in Sources */ = {isa = PBXBuildFile; fileRef = 7990843228D4BCE0007DA308 /* SetReminders.swift */; };
		7997402228B7C3760031589C /* SaveView.swift in Sources */ = {isa = PBXBuildFile; fileRef = 7997402128B7C3760031589C /* SaveView.swift */; };
		7997402828B7E3850031589C /* DataModel.xcdatamodeld in Sources */ = {isa = PBXBuildFile; fileRef = 7997402628B7E3850031589C /* DataModel.xcdatamodeld */; };
		79B00B1628EB31F1008964A3 /* IntructionView.swift in Sources */ = {isa = PBXBuildFile; fileRef = 79B00B1528EB31F1008964A3 /* IntructionView.swift */; };
		79D64FB228C2456F0077A8FE /* FeelingCircles.swift in Sources */ = {isa = PBXBuildFile; fileRef = 79D64FB128C2456F0077A8FE /* FeelingCircles.swift */; };
		79D84B1428AE7DC500927D4C /* WriteItOutApp.swift in Sources */ = {isa = PBXBuildFile; fileRef = 79D84B1328AE7DC500927D4C /* WriteItOutApp.swift */; };
		79D84B1628AE7DC500927D4C /* ContentView.swift in Sources */ = {isa = PBXBuildFile; fileRef = 79D84B1528AE7DC500927D4C /* ContentView.swift */; };
		79D84B1828AE7DCE00927D4C /* Assets.xcassets in Resources */ = {isa = PBXBuildFile; fileRef = 79D84B1728AE7DCE00927D4C /* Assets.xcassets */; };
		79D84B1B28AE7DCE00927D4C /* Preview Assets.xcassets in Resources */ = {isa = PBXBuildFile; fileRef = 79D84B1A28AE7DCE00927D4C /* Preview Assets.xcassets */; };
		79D84B2528AE7DCF00927D4C /* WriteItOutTests.swift in Sources */ = {isa = PBXBuildFile; fileRef = 79D84B2428AE7DCF00927D4C /* WriteItOutTests.swift */; };
		79D84B2F28AE7DCF00927D4C /* WriteItOutUITests.swift in Sources */ = {isa = PBXBuildFile; fileRef = 79D84B2E28AE7DCF00927D4C /* WriteItOutUITests.swift */; };
		79D84B3128AE7DCF00927D4C /* WriteItOutUITestsLaunchTests.swift in Sources */ = {isa = PBXBuildFile; fileRef = 79D84B3028AE7DCF00927D4C /* WriteItOutUITestsLaunchTests.swift */; };
		79D84B4228AE8E9900927D4C /* User.swift in Sources */ = {isa = PBXBuildFile; fileRef = 79D84B4128AE8E9900927D4C /* User.swift */; };
		79D84B4428AE8F4400927D4C /* BreathingPatterns.swift in Sources */ = {isa = PBXBuildFile; fileRef = 79D84B4328AE8F4400927D4C /* BreathingPatterns.swift */; };
		79D84B4828AFED1F00927D4C /* JournalView.swift in Sources */ = {isa = PBXBuildFile; fileRef = 79D84B4728AFED1E00927D4C /* JournalView.swift */; };
/* End PBXBuildFile section */

/* Begin PBXContainerItemProxy section */
		79D84B2128AE7DCF00927D4C /* PBXContainerItemProxy */ = {
			isa = PBXContainerItemProxy;
			containerPortal = 79D84B0828AE7DC500927D4C /* Project object */;
			proxyType = 1;
			remoteGlobalIDString = 79D84B0F28AE7DC500927D4C;
			remoteInfo = WriteItOut;
		};
		79D84B2B28AE7DCF00927D4C /* PBXContainerItemProxy */ = {
			isa = PBXContainerItemProxy;
			containerPortal = 79D84B0828AE7DC500927D4C /* Project object */;
			proxyType = 1;
			remoteGlobalIDString = 79D84B0F28AE7DC500927D4C;
			remoteInfo = WriteItOut;
		};
/* End PBXContainerItemProxy section */

/* Begin PBXFileReference section */
		7901744C28E3D3CC004D5134 /* 52644-checkmark-box.json */ = {isa = PBXFileReference; fileEncoding = 4; lastKnownFileType = text.json; path = "52644-checkmark-box.json"; sourceTree = "<group>"; };
		7949CDAF28DE01BB00B4D06A /* bohemianBackground.swift */ = {isa = PBXFileReference; lastKnownFileType = sourcecode.swift; path = bohemianBackground.swift; sourceTree = "<group>"; };
		7949CDBB28E34C4200B4D06A /* loader.json */ = {isa = PBXFileReference; fileEncoding = 4; lastKnownFileType = text.json; path = loader.json; sourceTree = "<group>"; };
		7949CDBD28E34CE900B4D06A /* LottieLoader.swift */ = {isa = PBXFileReference; lastKnownFileType = sourcecode.swift; path = LottieLoader.swift; sourceTree = "<group>"; };
		7970885B28E73679005D866D /* 45038-loading-blue-spinning-circles.json */ = {isa = PBXFileReference; fileEncoding = 4; lastKnownFileType = text.json; path = "45038-loading-blue-spinning-circles.json"; sourceTree = "<group>"; };
		7973DA7528BFB90E005E381D /* UserSettings.swift */ = {isa = PBXFileReference; lastKnownFileType = sourcecode.swift; path = UserSettings.swift; sourceTree = "<group>"; };
		7973DA7928C0FB6E005E381D /* DataController.swift */ = {isa = PBXFileReference; lastKnownFileType = sourcecode.swift; path = DataController.swift; sourceTree = "<group>"; };
		7973DA7B28C0FDD1005E381D /* ColorMap.swift */ = {isa = PBXFileReference; lastKnownFileType = sourcecode.swift; path = ColorMap.swift; sourceTree = "<group>"; };
		7973DA7D28C10F77005E381D /* RawColors.swift */ = {isa = PBXFileReference; lastKnownFileType = sourcecode.swift; path = RawColors.swift; sourceTree = "<group>"; };
		7990843228D4BCE0007DA308 /* SetReminders.swift */ = {isa = PBXFileReference; lastKnownFileType = sourcecode.swift; path = SetReminders.swift; sourceTree = "<group>"; };
		7997402128B7C3760031589C /* SaveView.swift */ = {isa = PBXFileReference; lastKnownFileType = sourcecode.swift; path = SaveView.swift; sourceTree = "<group>"; };
		7997402728B7E3850031589C /* DataModel.xcdatamodel */ = {isa = PBXFileReference; lastKnownFileType = wrapper.xcdatamodel; path = DataModel.xcdatamodel; sourceTree = "<group>"; };
		79B00B1528EB31F1008964A3 /* IntructionView.swift */ = {isa = PBXFileReference; lastKnownFileType = sourcecode.swift; path = IntructionView.swift; sourceTree = "<group>"; };
		79D64FB128C2456F0077A8FE /* FeelingCircles.swift */ = {isa = PBXFileReference; lastKnownFileType = sourcecode.swift; path = FeelingCircles.swift; sourceTree = "<group>"; };
		79D84B1028AE7DC500927D4C /* WriteItOut.app */ = {isa = PBXFileReference; explicitFileType = wrapper.application; includeInIndex = 0; path = WriteItOut.app; sourceTree = BUILT_PRODUCTS_DIR; };
		79D84B1328AE7DC500927D4C /* WriteItOutApp.swift */ = {isa = PBXFileReference; lastKnownFileType = sourcecode.swift; path = WriteItOutApp.swift; sourceTree = "<group>"; };
		79D84B1528AE7DC500927D4C /* ContentView.swift */ = {isa = PBXFileReference; lastKnownFileType = sourcecode.swift; path = ContentView.swift; sourceTree = "<group>"; };
		79D84B1728AE7DCE00927D4C /* Assets.xcassets */ = {isa = PBXFileReference; lastKnownFileType = folder.assetcatalog; path = Assets.xcassets; sourceTree = "<group>"; };
		79D84B1A28AE7DCE00927D4C /* Preview Assets.xcassets */ = {isa = PBXFileReference; lastKnownFileType = folder.assetcatalog; path = "Preview Assets.xcassets"; sourceTree = "<group>"; };
		79D84B2028AE7DCF00927D4C /* WriteItOutTests.xctest */ = {isa = PBXFileReference; explicitFileType = wrapper.cfbundle; includeInIndex = 0; path = WriteItOutTests.xctest; sourceTree = BUILT_PRODUCTS_DIR; };
		79D84B2428AE7DCF00927D4C /* WriteItOutTests.swift */ = {isa = PBXFileReference; lastKnownFileType = sourcecode.swift; path = WriteItOutTests.swift; sourceTree = "<group>"; };
		79D84B2A28AE7DCF00927D4C /* WriteItOutUITests.xctest */ = {isa = PBXFileReference; explicitFileType = wrapper.cfbundle; includeInIndex = 0; path = WriteItOutUITests.xctest; sourceTree = BUILT_PRODUCTS_DIR; };
		79D84B2E28AE7DCF00927D4C /* WriteItOutUITests.swift */ = {isa = PBXFileReference; lastKnownFileType = sourcecode.swift; path = WriteItOutUITests.swift; sourceTree = "<group>"; };
		79D84B3028AE7DCF00927D4C /* WriteItOutUITestsLaunchTests.swift */ = {isa = PBXFileReference; lastKnownFileType = sourcecode.swift; path = WriteItOutUITestsLaunchTests.swift; sourceTree = "<group>"; };
		79D84B4128AE8E9900927D4C /* User.swift */ = {isa = PBXFileReference; lastKnownFileType = sourcecode.swift; path = User.swift; sourceTree = "<group>"; };
		79D84B4328AE8F4400927D4C /* BreathingPatterns.swift */ = {isa = PBXFileReference; lastKnownFileType = sourcecode.swift; path = BreathingPatterns.swift; sourceTree = "<group>"; };
		79D84B4728AFED1E00927D4C /* JournalView.swift */ = {isa = PBXFileReference; lastKnownFileType = sourcecode.swift; path = JournalView.swift; sourceTree = "<group>"; };
/* End PBXFileReference section */

/* Begin PBXFrameworksBuildPhase section */
		79D84B0D28AE7DC500927D4C /* Frameworks */ = {
			isa = PBXFrameworksBuildPhase;
			buildActionMask = 2147483647;
			files = (
				7949CDBA28E34BA300B4D06A /* Lottie in Frameworks */,
			);
			runOnlyForDeploymentPostprocessing = 0;
		};
		79D84B1D28AE7DCF00927D4C /* Frameworks */ = {
			isa = PBXFrameworksBuildPhase;
			buildActionMask = 2147483647;
			files = (
			);
			runOnlyForDeploymentPostprocessing = 0;
		};
		79D84B2728AE7DCF00927D4C /* Frameworks */ = {
			isa = PBXFrameworksBuildPhase;
			buildActionMask = 2147483647;
			files = (
			);
			runOnlyForDeploymentPostprocessing = 0;
		};
/* End PBXFrameworksBuildPhase section */

/* Begin PBXGroup section */
		7949CDB228DE01F100B4D06A /* Backgrounds */ = {
			isa = PBXGroup;
			children = (
				7949CDAF28DE01BB00B4D06A /* bohemianBackground.swift */,
			);
			path = Backgrounds;
			sourceTree = "<group>";
		};
		79D64FB328C79C6E0077A8FE /* DataHandlers */ = {
			isa = PBXGroup;
			children = (
				7997402628B7E3850031589C /* DataModel.xcdatamodeld */,
				7973DA7928C0FB6E005E381D /* DataController.swift */,
				7973DA7528BFB90E005E381D /* UserSettings.swift */,
			);
			path = DataHandlers;
			sourceTree = "<group>";
		};
		79D64FB428C79C910077A8FE /* InformationProviders */ = {
			isa = PBXGroup;
			children = (
				7949CDB228DE01F100B4D06A /* Backgrounds */,
				79D64FB128C2456F0077A8FE /* FeelingCircles.swift */,
				79D84B4128AE8E9900927D4C /* User.swift */,
				7973DA7D28C10F77005E381D /* RawColors.swift */,
				7949CDBD28E34CE900B4D06A /* LottieLoader.swift */,
				79D84B4328AE8F4400927D4C /* BreathingPatterns.swift */,
			);
			path = InformationProviders;
			sourceTree = "<group>";
		};
		79D64FB528C79CCB0077A8FE /* Views */ = {
			isa = PBXGroup;
			children = (
				79B00B1528EB31F1008964A3 /* IntructionView.swift */,
				79D84B1528AE7DC500927D4C /* ContentView.swift */,
				7990843228D4BCE0007DA308 /* SetReminders.swift */,
				79D84B4728AFED1E00927D4C /* JournalView.swift */,
				7973DA7B28C0FDD1005E381D /* ColorMap.swift */,
				7997402128B7C3760031589C /* SaveView.swift */,
			);
			path = Views;
			sourceTree = "<group>";
		};
		79D84B0728AE7DC500927D4C = {
			isa = PBXGroup;
			children = (
				79D84B1228AE7DC500927D4C /* WriteItOut */,
				79D84B2328AE7DCF00927D4C /* WriteItOutTests */,
				79D84B2D28AE7DCF00927D4C /* WriteItOutUITests */,
				79D84B1128AE7DC500927D4C /* Products */,
			);
			sourceTree = "<group>";
		};
		79D84B1128AE7DC500927D4C /* Products */ = {
			isa = PBXGroup;
			children = (
				79D84B1028AE7DC500927D4C /* WriteItOut.app */,
				79D84B2028AE7DCF00927D4C /* WriteItOutTests.xctest */,
				79D84B2A28AE7DCF00927D4C /* WriteItOutUITests.xctest */,
			);
			name = Products;
			sourceTree = "<group>";
		};
		79D84B1228AE7DC500927D4C /* WriteItOut */ = {
			isa = PBXGroup;
			children = (
				79D84B1328AE7DC500927D4C /* WriteItOutApp.swift */,
				79D64FB528C79CCB0077A8FE /* Views */,
				79D64FB428C79C910077A8FE /* InformationProviders */,
				79D64FB328C79C6E0077A8FE /* DataHandlers */,
				79D84B1728AE7DCE00927D4C /* Assets.xcassets */,
				7949CDBB28E34C4200B4D06A /* loader.json */,
				7901744C28E3D3CC004D5134 /* 52644-checkmark-box.json */,
				7970885B28E73679005D866D /* 45038-loading-blue-spinning-circles.json */,
				79D84B1928AE7DCE00927D4C /* Preview Content */,
			);
			path = WriteItOut;
			sourceTree = "<group>";
		};
		79D84B1928AE7DCE00927D4C /* Preview Content */ = {
			isa = PBXGroup;
			children = (
				79D84B1A28AE7DCE00927D4C /* Preview Assets.xcassets */,
			);
			path = "Preview Content";
			sourceTree = "<group>";
		};
		79D84B2328AE7DCF00927D4C /* WriteItOutTests */ = {
			isa = PBXGroup;
			children = (
				79D84B2428AE7DCF00927D4C /* WriteItOutTests.swift */,
			);
			path = WriteItOutTests;
			sourceTree = "<group>";
		};
		79D84B2D28AE7DCF00927D4C /* WriteItOutUITests */ = {
			isa = PBXGroup;
			children = (
				79D84B2E28AE7DCF00927D4C /* WriteItOutUITests.swift */,
				79D84B3028AE7DCF00927D4C /* WriteItOutUITestsLaunchTests.swift */,
			);
			path = WriteItOutUITests;
			sourceTree = "<group>";
		};
/* End PBXGroup section */

/* Begin PBXNativeTarget section */
		79D84B0F28AE7DC500927D4C /* WriteItOut */ = {
			isa = PBXNativeTarget;
			buildConfigurationList = 79D84B3428AE7DCF00927D4C /* Build configuration list for PBXNativeTarget "WriteItOut" */;
			buildPhases = (
				79D84B0C28AE7DC500927D4C /* Sources */,
				79D84B0D28AE7DC500927D4C /* Frameworks */,
				79D84B0E28AE7DC500927D4C /* Resources */,
			);
			buildRules = (
			);
			dependencies = (
			);
			name = WriteItOut;
			packageProductDependencies = (
				7949CDB928E34BA300B4D06A /* Lottie */,
			);
			productName = WriteItOut;
			productReference = 79D84B1028AE7DC500927D4C /* WriteItOut.app */;
			productType = "com.apple.product-type.application";
		};
		79D84B1F28AE7DCF00927D4C /* WriteItOutTests */ = {
			isa = PBXNativeTarget;
			buildConfigurationList = 79D84B3728AE7DCF00927D4C /* Build configuration list for PBXNativeTarget "WriteItOutTests" */;
			buildPhases = (
				79D84B1C28AE7DCF00927D4C /* Sources */,
				79D84B1D28AE7DCF00927D4C /* Frameworks */,
				79D84B1E28AE7DCF00927D4C /* Resources */,
			);
			buildRules = (
			);
			dependencies = (
				79D84B2228AE7DCF00927D4C /* PBXTargetDependency */,
			);
			name = WriteItOutTests;
			productName = WriteItOutTests;
			productReference = 79D84B2028AE7DCF00927D4C /* WriteItOutTests.xctest */;
			productType = "com.apple.product-type.bundle.unit-test";
		};
		79D84B2928AE7DCF00927D4C /* WriteItOutUITests */ = {
			isa = PBXNativeTarget;
			buildConfigurationList = 79D84B3A28AE7DCF00927D4C /* Build configuration list for PBXNativeTarget "WriteItOutUITests" */;
			buildPhases = (
				79D84B2628AE7DCF00927D4C /* Sources */,
				79D84B2728AE7DCF00927D4C /* Frameworks */,
				79D84B2828AE7DCF00927D4C /* Resources */,
			);
			buildRules = (
			);
			dependencies = (
				79D84B2C28AE7DCF00927D4C /* PBXTargetDependency */,
			);
			name = WriteItOutUITests;
			productName = WriteItOutUITests;
			productReference = 79D84B2A28AE7DCF00927D4C /* WriteItOutUITests.xctest */;
			productType = "com.apple.product-type.bundle.ui-testing";
		};
/* End PBXNativeTarget section */

/* Begin PBXProject section */
		79D84B0828AE7DC500927D4C /* Project object */ = {
			isa = PBXProject;
			attributes = {
				BuildIndependentTargetsInParallel = 1;
				LastSwiftUpdateCheck = 1340;
				LastUpgradeCheck = 1340;
				TargetAttributes = {
					79D84B0F28AE7DC500927D4C = {
						CreatedOnToolsVersion = 13.4.1;
					};
					79D84B1F28AE7DCF00927D4C = {
						CreatedOnToolsVersion = 13.4.1;
						TestTargetID = 79D84B0F28AE7DC500927D4C;
					};
					79D84B2928AE7DCF00927D4C = {
						CreatedOnToolsVersion = 13.4.1;
						TestTargetID = 79D84B0F28AE7DC500927D4C;
					};
				};
			};
			buildConfigurationList = 79D84B0B28AE7DC500927D4C /* Build configuration list for PBXProject "WriteItOut" */;
			compatibilityVersion = "Xcode 13.0";
			developmentRegion = en;
			hasScannedForEncodings = 0;
			knownRegions = (
				en,
				Base,
			);
			mainGroup = 79D84B0728AE7DC500927D4C;
			packageReferences = (
				7949CDB828E34BA300B4D06A /* XCRemoteSwiftPackageReference "lottie-ios" */,
			);
			productRefGroup = 79D84B1128AE7DC500927D4C /* Products */;
			projectDirPath = "";
			projectRoot = "";
			targets = (
				79D84B0F28AE7DC500927D4C /* WriteItOut */,
				79D84B1F28AE7DCF00927D4C /* WriteItOutTests */,
				79D84B2928AE7DCF00927D4C /* WriteItOutUITests */,
			);
		};
/* End PBXProject section */

/* Begin PBXResourcesBuildPhase section */
		79D84B0E28AE7DC500927D4C /* Resources */ = {
			isa = PBXResourcesBuildPhase;
			buildActionMask = 2147483647;
			files = (
				7949CDBC28E34C4200B4D06A /* loader.json in Resources */,
				7901744D28E3D3CC004D5134 /* 52644-checkmark-box.json in Resources */,
				7970885C28E73679005D866D /* 45038-loading-blue-spinning-circles.json in Resources */,
				79D84B1B28AE7DCE00927D4C /* Preview Assets.xcassets in Resources */,
				79D84B1828AE7DCE00927D4C /* Assets.xcassets in Resources */,
			);
			runOnlyForDeploymentPostprocessing = 0;
		};
		79D84B1E28AE7DCF00927D4C /* Resources */ = {
			isa = PBXResourcesBuildPhase;
			buildActionMask = 2147483647;
			files = (
			);
			runOnlyForDeploymentPostprocessing = 0;
		};
		79D84B2828AE7DCF00927D4C /* Resources */ = {
			isa = PBXResourcesBuildPhase;
			buildActionMask = 2147483647;
			files = (
			);
			runOnlyForDeploymentPostprocessing = 0;
		};
/* End PBXResourcesBuildPhase section */

/* Begin PBXSourcesBuildPhase section */
		79D84B0C28AE7DC500927D4C /* Sources */ = {
			isa = PBXSourcesBuildPhase;
			buildActionMask = 2147483647;
			files = (
				79D84B4228AE8E9900927D4C /* User.swift in Sources */,
				7997402828B7E3850031589C /* DataModel.xcdatamodeld in Sources */,
				7973DA7E28C10F77005E381D /* RawColors.swift in Sources */,
				7990843328D4BCE0007DA308 /* SetReminders.swift in Sources */,
				7997402228B7C3760031589C /* SaveView.swift in Sources */,
				79D84B1628AE7DC500927D4C /* ContentView.swift in Sources */,
				7973DA7A28C0FB6E005E381D /* DataController.swift in Sources */,
				79D84B4828AFED1F00927D4C /* JournalView.swift in Sources */,
				7949CDBE28E34CE900B4D06A /* LottieLoader.swift in Sources */,
				79B00B1628EB31F1008964A3 /* IntructionView.swift in Sources */,
				79D84B1428AE7DC500927D4C /* WriteItOutApp.swift in Sources */,
				7949CDB028DE01BB00B4D06A /* bohemianBackground.swift in Sources */,
				79D64FB228C2456F0077A8FE /* FeelingCircles.swift in Sources */,
				79D84B4428AE8F4400927D4C /* BreathingPatterns.swift in Sources */,
				7973DA7628BFB90E005E381D /* UserSettings.swift in Sources */,
				7973DA7C28C0FDD1005E381D /* ColorMap.swift in Sources */,
			);
			runOnlyForDeploymentPostprocessing = 0;
		};
		79D84B1C28AE7DCF00927D4C /* Sources */ = {
			isa = PBXSourcesBuildPhase;
			buildActionMask = 2147483647;
			files = (
				79D84B2528AE7DCF00927D4C /* WriteItOutTests.swift in Sources */,
			);
			runOnlyForDeploymentPostprocessing = 0;
		};
		79D84B2628AE7DCF00927D4C /* Sources */ = {
			isa = PBXSourcesBuildPhase;
			buildActionMask = 2147483647;
			files = (
				79D84B3128AE7DCF00927D4C /* WriteItOutUITestsLaunchTests.swift in Sources */,
				79D84B2F28AE7DCF00927D4C /* WriteItOutUITests.swift in Sources */,
			);
			runOnlyForDeploymentPostprocessing = 0;
		};
/* End PBXSourcesBuildPhase section */

/* Begin PBXTargetDependency section */
		79D84B2228AE7DCF00927D4C /* PBXTargetDependency */ = {
			isa = PBXTargetDependency;
			target = 79D84B0F28AE7DC500927D4C /* WriteItOut */;
			targetProxy = 79D84B2128AE7DCF00927D4C /* PBXContainerItemProxy */;
		};
		79D84B2C28AE7DCF00927D4C /* PBXTargetDependency */ = {
			isa = PBXTargetDependency;
			target = 79D84B0F28AE7DC500927D4C /* WriteItOut */;
			targetProxy = 79D84B2B28AE7DCF00927D4C /* PBXContainerItemProxy */;
		};
/* End PBXTargetDependency section */

/* Begin XCBuildConfiguration section */
		79D84B3228AE7DCF00927D4C /* Debug */ = {
			isa = XCBuildConfiguration;
			buildSettings = {
				ALWAYS_SEARCH_USER_PATHS = NO;
				CLANG_ANALYZER_NONNULL = YES;
				CLANG_ANALYZER_NUMBER_OBJECT_CONVERSION = YES_AGGRESSIVE;
				CLANG_CXX_LANGUAGE_STANDARD = "gnu++17";
				CLANG_ENABLE_MODULES = YES;
				CLANG_ENABLE_OBJC_ARC = YES;
				CLANG_ENABLE_OBJC_WEAK = YES;
				CLANG_WARN_BLOCK_CAPTURE_AUTORELEASING = YES;
				CLANG_WARN_BOOL_CONVERSION = YES;
				CLANG_WARN_COMMA = YES;
				CLANG_WARN_CONSTANT_CONVERSION = YES;
				CLANG_WARN_DEPRECATED_OBJC_IMPLEMENTATIONS = YES;
				CLANG_WARN_DIRECT_OBJC_ISA_USAGE = YES_ERROR;
				CLANG_WARN_DOCUMENTATION_COMMENTS = YES;
				CLANG_WARN_EMPTY_BODY = YES;
				CLANG_WARN_ENUM_CONVERSION = YES;
				CLANG_WARN_INFINITE_RECURSION = YES;
				CLANG_WARN_INT_CONVERSION = YES;
				CLANG_WARN_NON_LITERAL_NULL_CONVERSION = YES;
				CLANG_WARN_OBJC_IMPLICIT_RETAIN_SELF = YES;
				CLANG_WARN_OBJC_LITERAL_CONVERSION = YES;
				CLANG_WARN_OBJC_ROOT_CLASS = YES_ERROR;
				CLANG_WARN_QUOTED_INCLUDE_IN_FRAMEWORK_HEADER = YES;
				CLANG_WARN_RANGE_LOOP_ANALYSIS = YES;
				CLANG_WARN_STRICT_PROTOTYPES = YES;
				CLANG_WARN_SUSPICIOUS_MOVE = YES;
				CLANG_WARN_UNGUARDED_AVAILABILITY = YES_AGGRESSIVE;
				CLANG_WARN_UNREACHABLE_CODE = YES;
				CLANG_WARN__DUPLICATE_METHOD_MATCH = YES;
				COPY_PHASE_STRIP = NO;
				DEBUG_INFORMATION_FORMAT = dwarf;
				ENABLE_STRICT_OBJC_MSGSEND = YES;
				ENABLE_TESTABILITY = YES;
				GCC_C_LANGUAGE_STANDARD = gnu11;
				GCC_DYNAMIC_NO_PIC = NO;
				GCC_NO_COMMON_BLOCKS = YES;
				GCC_OPTIMIZATION_LEVEL = 0;
				GCC_PREPROCESSOR_DEFINITIONS = (
					"DEBUG=1",
					"$(inherited)",
				);
				GCC_WARN_64_TO_32_BIT_CONVERSION = YES;
				GCC_WARN_ABOUT_RETURN_TYPE = YES_ERROR;
				GCC_WARN_UNDECLARED_SELECTOR = YES;
				GCC_WARN_UNINITIALIZED_AUTOS = YES_AGGRESSIVE;
				GCC_WARN_UNUSED_FUNCTION = YES;
				GCC_WARN_UNUSED_VARIABLE = YES;
				IPHONEOS_DEPLOYMENT_TARGET = 15.5;
				MTL_ENABLE_DEBUG_INFO = INCLUDE_SOURCE;
				MTL_FAST_MATH = YES;
				ONLY_ACTIVE_ARCH = YES;
				SDKROOT = iphoneos;
				SWIFT_ACTIVE_COMPILATION_CONDITIONS = DEBUG;
				SWIFT_OPTIMIZATION_LEVEL = "-Onone";
			};
			name = Debug;
		};
		79D84B3328AE7DCF00927D4C /* Release */ = {
			isa = XCBuildConfiguration;
			buildSettings = {
				ALWAYS_SEARCH_USER_PATHS = NO;
				CLANG_ANALYZER_NONNULL = YES;
				CLANG_ANALYZER_NUMBER_OBJECT_CONVERSION = YES_AGGRESSIVE;
				CLANG_CXX_LANGUAGE_STANDARD = "gnu++17";
				CLANG_ENABLE_MODULES = YES;
				CLANG_ENABLE_OBJC_ARC = YES;
				CLANG_ENABLE_OBJC_WEAK = YES;
				CLANG_WARN_BLOCK_CAPTURE_AUTORELEASING = YES;
				CLANG_WARN_BOOL_CONVERSION = YES;
				CLANG_WARN_COMMA = YES;
				CLANG_WARN_CONSTANT_CONVERSION = YES;
				CLANG_WARN_DEPRECATED_OBJC_IMPLEMENTATIONS = YES;
				CLANG_WARN_DIRECT_OBJC_ISA_USAGE = YES_ERROR;
				CLANG_WARN_DOCUMENTATION_COMMENTS = YES;
				CLANG_WARN_EMPTY_BODY = YES;
				CLANG_WARN_ENUM_CONVERSION = YES;
				CLANG_WARN_INFINITE_RECURSION = YES;
				CLANG_WARN_INT_CONVERSION = YES;
				CLANG_WARN_NON_LITERAL_NULL_CONVERSION = YES;
				CLANG_WARN_OBJC_IMPLICIT_RETAIN_SELF = YES;
				CLANG_WARN_OBJC_LITERAL_CONVERSION = YES;
				CLANG_WARN_OBJC_ROOT_CLASS = YES_ERROR;
				CLANG_WARN_QUOTED_INCLUDE_IN_FRAMEWORK_HEADER = YES;
				CLANG_WARN_RANGE_LOOP_ANALYSIS = YES;
				CLANG_WARN_STRICT_PROTOTYPES = YES;
				CLANG_WARN_SUSPICIOUS_MOVE = YES;
				CLANG_WARN_UNGUARDED_AVAILABILITY = YES_AGGRESSIVE;
				CLANG_WARN_UNREACHABLE_CODE = YES;
				CLANG_WARN__DUPLICATE_METHOD_MATCH = YES;
				COPY_PHASE_STRIP = NO;
				DEBUG_INFORMATION_FORMAT = "dwarf-with-dsym";
				ENABLE_NS_ASSERTIONS = NO;
				ENABLE_STRICT_OBJC_MSGSEND = YES;
				GCC_C_LANGUAGE_STANDARD = gnu11;
				GCC_NO_COMMON_BLOCKS = YES;
				GCC_WARN_64_TO_32_BIT_CONVERSION = YES;
				GCC_WARN_ABOUT_RETURN_TYPE = YES_ERROR;
				GCC_WARN_UNDECLARED_SELECTOR = YES;
				GCC_WARN_UNINITIALIZED_AUTOS = YES_AGGRESSIVE;
				GCC_WARN_UNUSED_FUNCTION = YES;
				GCC_WARN_UNUSED_VARIABLE = YES;
				IPHONEOS_DEPLOYMENT_TARGET = 15.5;
				MTL_ENABLE_DEBUG_INFO = NO;
				MTL_FAST_MATH = YES;
				SDKROOT = iphoneos;
				SWIFT_COMPILATION_MODE = wholemodule;
				SWIFT_OPTIMIZATION_LEVEL = "-O";
				VALIDATE_PRODUCT = YES;
			};
			name = Release;
		};
		79D84B3528AE7DCF00927D4C /* Debug */ = {
			isa = XCBuildConfiguration;
			buildSettings = {
				ASSETCATALOG_COMPILER_APPICON_NAME = AppIcon;
				ASSETCATALOG_COMPILER_GLOBAL_ACCENT_COLOR_NAME = AccentColor;
				CODE_SIGN_STYLE = Automatic;
				CURRENT_PROJECT_VERSION = 1;
				DEVELOPMENT_ASSET_PATHS = "\"WriteItOut/Preview Content\"";
				DEVELOPMENT_TEAM = 4C8MUFYV89;
				ENABLE_PREVIEWS = YES;
				GENERATE_INFOPLIST_FILE = YES;
				INFOPLIST_KEY_UIApplicationSceneManifest_Generation = YES;
				INFOPLIST_KEY_UIApplicationSupportsIndirectInputEvents = YES;
				INFOPLIST_KEY_UILaunchScreen_Generation = YES;
				INFOPLIST_KEY_UISupportedInterfaceOrientations_iPad = "UIInterfaceOrientationPortrait UIInterfaceOrientationPortraitUpsideDown UIInterfaceOrientationLandscapeLeft UIInterfaceOrientationLandscapeRight";
				INFOPLIST_KEY_UISupportedInterfaceOrientations_iPhone = "UIInterfaceOrientationPortrait UIInterfaceOrientationLandscapeLeft UIInterfaceOrientationLandscapeRight";
				LD_RUNPATH_SEARCH_PATHS = (
					"$(inherited)",
					"@executable_path/Frameworks",
				);
				MARKETING_VERSION = 1.0;
				PRODUCT_BUNDLE_IDENTIFIER = "com-ro.dunn.WriteItOut";
				PRODUCT_NAME = "$(TARGET_NAME)";
				SWIFT_EMIT_LOC_STRINGS = YES;
				SWIFT_VERSION = 5.0;
				TARGETED_DEVICE_FAMILY = "1,2";
			};
			name = Debug;
		};
		79D84B3628AE7DCF00927D4C /* Release */ = {
			isa = XCBuildConfiguration;
			buildSettings = {
				ASSETCATALOG_COMPILER_APPICON_NAME = AppIcon;
				ASSETCATALOG_COMPILER_GLOBAL_ACCENT_COLOR_NAME = AccentColor;
				CODE_SIGN_STYLE = Automatic;
				CURRENT_PROJECT_VERSION = 1;
				DEVELOPMENT_ASSET_PATHS = "\"WriteItOut/Preview Content\"";
				DEVELOPMENT_TEAM = 4C8MUFYV89;
				ENABLE_PREVIEWS = YES;
				GENERATE_INFOPLIST_FILE = YES;
				INFOPLIST_KEY_UIApplicationSceneManifest_Generation = YES;
				INFOPLIST_KEY_UIApplicationSupportsIndirectInputEvents = YES;
				INFOPLIST_KEY_UILaunchScreen_Generation = YES;
				INFOPLIST_KEY_UISupportedInterfaceOrientations_iPad = "UIInterfaceOrientationPortrait UIInterfaceOrientationPortraitUpsideDown UIInterfaceOrientationLandscapeLeft UIInterfaceOrientationLandscapeRight";
				INFOPLIST_KEY_UISupportedInterfaceOrientations_iPhone = "UIInterfaceOrientationPortrait UIInterfaceOrientationLandscapeLeft UIInterfaceOrientationLandscapeRight";
				LD_RUNPATH_SEARCH_PATHS = (
					"$(inherited)",
					"@executable_path/Frameworks",
				);
				MARKETING_VERSION = 1.0;
				PRODUCT_BUNDLE_IDENTIFIER = "com-ro.dunn.WriteItOut";
				PRODUCT_NAME = "$(TARGET_NAME)";
				SWIFT_EMIT_LOC_STRINGS = YES;
				SWIFT_VERSION = 5.0;
				TARGETED_DEVICE_FAMILY = "1,2";
			};
			name = Release;
		};
		79D84B3828AE7DCF00927D4C /* Debug */ = {
			isa = XCBuildConfiguration;
			buildSettings = {
				ALWAYS_EMBED_SWIFT_STANDARD_LIBRARIES = YES;
				BUNDLE_LOADER = "$(TEST_HOST)";
				CODE_SIGN_STYLE = Automatic;
				CURRENT_PROJECT_VERSION = 1;
				DEVELOPMENT_TEAM = 4C8MUFYV89;
				GENERATE_INFOPLIST_FILE = YES;
				IPHONEOS_DEPLOYMENT_TARGET = 15.5;
				MARKETING_VERSION = 1.0;
				PRODUCT_BUNDLE_IDENTIFIER = "com-ro.dunn.WriteItOutTests";
				PRODUCT_NAME = "$(TARGET_NAME)";
				SWIFT_EMIT_LOC_STRINGS = NO;
				SWIFT_VERSION = 5.0;
				TARGETED_DEVICE_FAMILY = "1,2";
				TEST_HOST = "$(BUILT_PRODUCTS_DIR)/WriteItOut.app/WriteItOut";
			};
			name = Debug;
		};
		79D84B3928AE7DCF00927D4C /* Release */ = {
			isa = XCBuildConfiguration;
			buildSettings = {
				ALWAYS_EMBED_SWIFT_STANDARD_LIBRARIES = YES;
				BUNDLE_LOADER = "$(TEST_HOST)";
				CODE_SIGN_STYLE = Automatic;
				CURRENT_PROJECT_VERSION = 1;
				DEVELOPMENT_TEAM = 4C8MUFYV89;
				GENERATE_INFOPLIST_FILE = YES;
				IPHONEOS_DEPLOYMENT_TARGET = 15.5;
				MARKETING_VERSION = 1.0;
				PRODUCT_BUNDLE_IDENTIFIER = "com-ro.dunn.WriteItOutTests";
				PRODUCT_NAME = "$(TARGET_NAME)";
				SWIFT_EMIT_LOC_STRINGS = NO;
				SWIFT_VERSION = 5.0;
				TARGETED_DEVICE_FAMILY = "1,2";
				TEST_HOST = "$(BUILT_PRODUCTS_DIR)/WriteItOut.app/WriteItOut";
			};
			name = Release;
		};
		79D84B3B28AE7DCF00927D4C /* Debug */ = {
			isa = XCBuildConfiguration;
			buildSettings = {
				ALWAYS_EMBED_SWIFT_STANDARD_LIBRARIES = YES;
				CODE_SIGN_STYLE = Automatic;
				CURRENT_PROJECT_VERSION = 1;
				DEVELOPMENT_TEAM = 4C8MUFYV89;
				GENERATE_INFOPLIST_FILE = YES;
				MARKETING_VERSION = 1.0;
				PRODUCT_BUNDLE_IDENTIFIER = "com-ro.dunn.WriteItOutUITests";
				PRODUCT_NAME = "$(TARGET_NAME)";
				SWIFT_EMIT_LOC_STRINGS = NO;
				SWIFT_VERSION = 5.0;
				TARGETED_DEVICE_FAMILY = "1,2";
				TEST_TARGET_NAME = WriteItOut;
			};
			name = Debug;
		};
		79D84B3C28AE7DCF00927D4C /* Release */ = {
			isa = XCBuildConfiguration;
			buildSettings = {
				ALWAYS_EMBED_SWIFT_STANDARD_LIBRARIES = YES;
				CODE_SIGN_STYLE = Automatic;
				CURRENT_PROJECT_VERSION = 1;
				DEVELOPMENT_TEAM = 4C8MUFYV89;
				GENERATE_INFOPLIST_FILE = YES;
				MARKETING_VERSION = 1.0;
				PRODUCT_BUNDLE_IDENTIFIER = "com-ro.dunn.WriteItOutUITests";
				PRODUCT_NAME = "$(TARGET_NAME)";
				SWIFT_EMIT_LOC_STRINGS = NO;
				SWIFT_VERSION = 5.0;
				TARGETED_DEVICE_FAMILY = "1,2";
				TEST_TARGET_NAME = WriteItOut;
			};
			name = Release;
		};
/* End XCBuildConfiguration section */

/* Begin XCConfigurationList section */
		79D84B0B28AE7DC500927D4C /* Build configuration list for PBXProject "WriteItOut" */ = {
			isa = XCConfigurationList;
			buildConfigurations = (
				79D84B3228AE7DCF00927D4C /* Debug */,
				79D84B3328AE7DCF00927D4C /* Release */,
			);
			defaultConfigurationIsVisible = 0;
			defaultConfigurationName = Release;
		};
		79D84B3428AE7DCF00927D4C /* Build configuration list for PBXNativeTarget "WriteItOut" */ = {
			isa = XCConfigurationList;
			buildConfigurations = (
				79D84B3528AE7DCF00927D4C /* Debug */,
				79D84B3628AE7DCF00927D4C /* Release */,
			);
			defaultConfigurationIsVisible = 0;
			defaultConfigurationName = Release;
		};
		79D84B3728AE7DCF00927D4C /* Build configuration list for PBXNativeTarget "WriteItOutTests" */ = {
			isa = XCConfigurationList;
			buildConfigurations = (
				79D84B3828AE7DCF00927D4C /* Debug */,
				79D84B3928AE7DCF00927D4C /* Release */,
			);
			defaultConfigurationIsVisible = 0;
			defaultConfigurationName = Release;
		};
		79D84B3A28AE7DCF00927D4C /* Build configuration list for PBXNativeTarget "WriteItOutUITests" */ = {
			isa = XCConfigurationList;
			buildConfigurations = (
				79D84B3B28AE7DCF00927D4C /* Debug */,
				79D84B3C28AE7DCF00927D4C /* Release */,
			);
			defaultConfigurationIsVisible = 0;
			defaultConfigurationName = Release;
		};
/* End XCConfigurationList section */

/* Begin XCRemoteSwiftPackageReference section */
		7949CDB828E34BA300B4D06A /* XCRemoteSwiftPackageReference "lottie-ios" */ = {
			isa = XCRemoteSwiftPackageReference;
			repositoryURL = "https://github.com/airbnb/lottie-ios";
			requirement = {
				kind = upToNextMajorVersion;
				minimumVersion = 3.0.0;
			};
		};
/* End XCRemoteSwiftPackageReference section */

/* Begin XCSwiftPackageProductDependency section */
		7949CDB928E34BA300B4D06A /* Lottie */ = {
			isa = XCSwiftPackageProductDependency;
			package = 7949CDB828E34BA300B4D06A /* XCRemoteSwiftPackageReference "lottie-ios" */;
			productName = Lottie;
		};
/* End XCSwiftPackageProductDependency section */

/* Begin XCVersionGroup section */
		7997402628B7E3850031589C /* DataModel.xcdatamodeld */ = {
			isa = XCVersionGroup;
			children = (
				7997402728B7E3850031589C /* DataModel.xcdatamodel */,
			);
			currentVersion = 7997402728B7E3850031589C /* DataModel.xcdatamodel */;
			path = DataModel.xcdatamodeld;
			sourceTree = "<group>";
			versionGroupType = wrapper.xcdatamodel;
		};
/* End XCVersionGroup section */
	};
	rootObject = 79D84B0828AE7DC500927D4C /* Project object */;
}
